// !$*UTF8*$!
{
	archiveVersion = 1;
	classes = {
	};
	objectVersion = 48;
	objects = {

/* Begin PBXBuildFile section */
		4BC0D7FE1F94FB8700DB0BBF /* AppDelegate.swift in Sources */ = {isa = PBXBuildFile; fileRef = 4BC0D7FD1F94FB8700DB0BBF /* AppDelegate.swift */; };
		4BC0D8001F94FB8700DB0BBF /* ViewController.swift in Sources */ = {isa = PBXBuildFile; fileRef = 4BC0D7FF1F94FB8700DB0BBF /* ViewController.swift */; };
		4BC0D8031F94FB8700DB0BBF /* Main.storyboard in Resources */ = {isa = PBXBuildFile; fileRef = 4BC0D8011F94FB8700DB0BBF /* Main.storyboard */; };
		4BC0D8051F94FB8700DB0BBF /* Assets.xcassets in Resources */ = {isa = PBXBuildFile; fileRef = 4BC0D8041F94FB8700DB0BBF /* Assets.xcassets */; };
		4BC0D8081F94FB8700DB0BBF /* LaunchScreen.storyboard in Resources */ = {isa = PBXBuildFile; fileRef = 4BC0D8061F94FB8700DB0BBF /* LaunchScreen.storyboard */; };
		4BC0D8211F94FBC100DB0BBF /* Albert Einstein.jpg in Resources */ = {isa = PBXBuildFile; fileRef = 4BC0D81C1F94FBBB00DB0BBF /* Albert Einstein.jpg */; };
		4BC0D8221F94FBC100DB0BBF /* Albert Jacquard.jpg in Resources */ = {isa = PBXBuildFile; fileRef = 4BC0D81A1F94FBBB00DB0BBF /* Albert Jacquard.jpg */; };
		4BC0D8231F94FBC100DB0BBF /* amisDelaScience.plist in Resources */ = {isa = PBXBuildFile; fileRef = 4BC0D81D1F94FBBB00DB0BBF /* amisDelaScience.plist */; };
		4BC0D8241F94FBC100DB0BBF /* Blaise Pascal.jpg in Resources */ = {isa = PBXBuildFile; fileRef = 4BC0D8171F94FBBB00DB0BBF /* Blaise Pascal.jpg */; };
		4BC0D8251F94FBC100DB0BBF /* Braun.jpg in Resources */ = {isa = PBXBuildFile; fileRef = 4BC0D8101F94FBBB00DB0BBF /* Braun.jpg */; };
		4BC0D8261F94FBC100DB0BBF /* Christian Huygens.jpg in Resources */ = {isa = PBXBuildFile; fileRef = 4BC0D81F1F94FBBC00DB0BBF /* Christian Huygens.jpg */; };
		4BC0D8271F94FBC100DB0BBF /* Daniel Fahrenheit.jpg in Resources */ = {isa = PBXBuildFile; fileRef = 4BC0D8151F94FBBB00DB0BBF /* Daniel Fahrenheit.jpg */; };
		4BC0D8281F94FBC100DB0BBF /* Dennis Ritchie.jpg in Resources */ = {isa = PBXBuildFile; fileRef = 4BC0D81B1F94FBBB00DB0BBF /* Dennis Ritchie.jpg */; };
		4BC0D8291F94FBC100DB0BBF /* Galilée.jpg in Resources */ = {isa = PBXBuildFile; fileRef = 4BC0D8201F94FBBC00DB0BBF /* Galilée.jpg */; };
		4BC0D82A1F94FBC100DB0BBF /* Henri Becquerel.jpg in Resources */ = {isa = PBXBuildFile; fileRef = 4BC0D8191F94FBBB00DB0BBF /* Henri Becquerel.jpg */; };
		4BC0D82B1F94FBC100DB0BBF /* Hertz.jpg in Resources */ = {isa = PBXBuildFile; fileRef = 4BC0D8111F94FBBB00DB0BBF /* Hertz.jpg */; };
		4BC0D82C1F94FBC100DB0BBF /* Jean Perrin.jpg in Resources */ = {isa = PBXBuildFile; fileRef = 4BC0D81E1F94FBBC00DB0BBF /* Jean Perrin.jpg */; };
		4BC0D82D1F94FBC100DB0BBF /* Karl Guthe Jansky.jpg in Resources */ = {isa = PBXBuildFile; fileRef = 4BC0D8161F94FBBB00DB0BBF /* Karl Guthe Jansky.jpg */; };
		4BC0D82E1F94FBC100DB0BBF /* Marie Curie.jpg in Resources */ = {isa = PBXBuildFile; fileRef = 4BC0D8121F94FBBB00DB0BBF /* Marie Curie.jpg */; };
		4BC0D82F1F94FBC100DB0BBF /* maxwell.jpg in Resources */ = {isa = PBXBuildFile; fileRef = 4BC0D8181F94FBBB00DB0BBF /* maxwell.jpg */; };
		4BC0D8301F94FBC100DB0BBF /* Steve Jobs.jpg in Resources */ = {isa = PBXBuildFile; fileRef = 4BC0D8131F94FBBB00DB0BBF /* Steve Jobs.jpg */; };
		4BC0D8311F94FBC100DB0BBF /* Wilhelm Conrad Rontgen.jpg in Resources */ = {isa = PBXBuildFile; fileRef = 4BC0D8141F94FBBB00DB0BBF /* Wilhelm Conrad Rontgen.jpg */; };
		4BC0D8341F95070C00DB0BBF /* Savant.swift in Sources */ = {isa = PBXBuildFile; fileRef = 4BC0D8331F95070C00DB0BBF /* Savant.swift */; };
/* End PBXBuildFile section */

/* Begin PBXFileReference section */
		4BC0D7FA1F94FB8700DB0BBF /* Les-amis-de-la-science.app */ = {isa = PBXFileReference; explicitFileType = wrapper.application; includeInIndex = 0; path = "Les-amis-de-la-science.app"; sourceTree = BUILT_PRODUCTS_DIR; };
		4BC0D7FD1F94FB8700DB0BBF /* AppDelegate.swift */ = {isa = PBXFileReference; lastKnownFileType = sourcecode.swift; path = AppDelegate.swift; sourceTree = "<group>"; };
		4BC0D7FF1F94FB8700DB0BBF /* ViewController.swift */ = {isa = PBXFileReference; lastKnownFileType = sourcecode.swift; path = ViewController.swift; sourceTree = "<group>"; };
		4BC0D8021F94FB8700DB0BBF /* Base */ = {isa = PBXFileReference; lastKnownFileType = file.storyboard; name = Base; path = Base.lproj/Main.storyboard; sourceTree = "<group>"; };
		4BC0D8041F94FB8700DB0BBF /* Assets.xcassets */ = {isa = PBXFileReference; lastKnownFileType = folder.assetcatalog; path = Assets.xcassets; sourceTree = "<group>"; };
		4BC0D8071F94FB8700DB0BBF /* Base */ = {isa = PBXFileReference; lastKnownFileType = file.storyboard; name = Base; path = Base.lproj/LaunchScreen.storyboard; sourceTree = "<group>"; };
		4BC0D8091F94FB8700DB0BBF /* Info.plist */ = {isa = PBXFileReference; lastKnownFileType = text.plist.xml; path = Info.plist; sourceTree = "<group>"; };
		4BC0D8101F94FBBB00DB0BBF /* Braun.jpg */ = {isa = PBXFileReference; lastKnownFileType = image.jpeg; path = Braun.jpg; sourceTree = "<group>"; };
		4BC0D8111F94FBBB00DB0BBF /* Hertz.jpg */ = {isa = PBXFileReference; lastKnownFileType = image.jpeg; path = Hertz.jpg; sourceTree = "<group>"; };
		4BC0D8121F94FBBB00DB0BBF /* Marie Curie.jpg */ = {isa = PBXFileReference; lastKnownFileType = image.jpeg; path = "Marie Curie.jpg"; sourceTree = "<group>"; };
		4BC0D8131F94FBBB00DB0BBF /* Steve Jobs.jpg */ = {isa = PBXFileReference; lastKnownFileType = image.jpeg; path = "Steve Jobs.jpg"; sourceTree = "<group>"; };
		4BC0D8141F94FBBB00DB0BBF /* Wilhelm Conrad Rontgen.jpg */ = {isa = PBXFileReference; lastKnownFileType = image.jpeg; path = "Wilhelm Conrad Rontgen.jpg"; sourceTree = "<group>"; };
		4BC0D8151F94FBBB00DB0BBF /* Daniel Fahrenheit.jpg */ = {isa = PBXFileReference; lastKnownFileType = image.jpeg; path = "Daniel Fahrenheit.jpg"; sourceTree = "<group>"; };
		4BC0D8161F94FBBB00DB0BBF /* Karl Guthe Jansky.jpg */ = {isa = PBXFileReference; lastKnownFileType = image.jpeg; path = "Karl Guthe Jansky.jpg"; sourceTree = "<group>"; };
		4BC0D8171F94FBBB00DB0BBF /* Blaise Pascal.jpg */ = {isa = PBXFileReference; lastKnownFileType = image.jpeg; path = "Blaise Pascal.jpg"; sourceTree = "<group>"; };
		4BC0D8181F94FBBB00DB0BBF /* maxwell.jpg */ = {isa = PBXFileReference; lastKnownFileType = image.jpeg; path = maxwell.jpg; sourceTree = "<group>"; };
		4BC0D8191F94FBBB00DB0BBF /* Henri Becquerel.jpg */ = {isa = PBXFileReference; lastKnownFileType = image.jpeg; path = "Henri Becquerel.jpg"; sourceTree = "<group>"; };
		4BC0D81A1F94FBBB00DB0BBF /* Albert Jacquard.jpg */ = {isa = PBXFileReference; lastKnownFileType = image.jpeg; path = "Albert Jacquard.jpg"; sourceTree = "<group>"; };
		4BC0D81B1F94FBBB00DB0BBF /* Dennis Ritchie.jpg */ = {isa = PBXFileReference; lastKnownFileType = image.jpeg; path = "Dennis Ritchie.jpg"; sourceTree = "<group>"; };
		4BC0D81C1F94FBBB00DB0BBF /* Albert Einstein.jpg */ = {isa = PBXFileReference; lastKnownFileType = image.jpeg; path = "Albert Einstein.jpg"; sourceTree = "<group>"; };
		4BC0D81D1F94FBBB00DB0BBF /* amisDelaScience.plist */ = {isa = PBXFileReference; lastKnownFileType = text.plist.xml; path = amisDelaScience.plist; sourceTree = "<group>"; };
		4BC0D81E1F94FBBC00DB0BBF /* Jean Perrin.jpg */ = {isa = PBXFileReference; lastKnownFileType = image.jpeg; path = "Jean Perrin.jpg"; sourceTree = "<group>"; };
		4BC0D81F1F94FBBC00DB0BBF /* Christian Huygens.jpg */ = {isa = PBXFileReference; lastKnownFileType = image.jpeg; path = "Christian Huygens.jpg"; sourceTree = "<group>"; };
		4BC0D8201F94FBBC00DB0BBF /* Galilée.jpg */ = {isa = PBXFileReference; lastKnownFileType = image.jpeg; path = "Galilée.jpg"; sourceTree = "<group>"; };
		4BC0D8331F95070C00DB0BBF /* Savant.swift */ = {isa = PBXFileReference; lastKnownFileType = sourcecode.swift; path = Savant.swift; sourceTree = "<group>"; };
/* End PBXFileReference section */

/* Begin PBXFrameworksBuildPhase section */
		4BC0D7F71F94FB8700DB0BBF /* Frameworks */ = {
			isa = PBXFrameworksBuildPhase;
			buildActionMask = 2147483647;
			files = (
			);
			runOnlyForDeploymentPostprocessing = 0;
		};
/* End PBXFrameworksBuildPhase section */

/* Begin PBXGroup section */
		4BC0D7F11F94FB8700DB0BBF = {
			isa = PBXGroup;
			children = (
				4BC0D7FC1F94FB8700DB0BBF /* Les-amis-de-la-science */,
				4BC0D7FB1F94FB8700DB0BBF /* Products */,
			);
			sourceTree = "<group>";
		};
		4BC0D7FB1F94FB8700DB0BBF /* Products */ = {
			isa = PBXGroup;
			children = (
				4BC0D7FA1F94FB8700DB0BBF /* Les-amis-de-la-science.app */,
			);
			name = Products;
			sourceTree = "<group>";
		};
		4BC0D7FC1F94FB8700DB0BBF /* Les-amis-de-la-science */ = {
			isa = PBXGroup;
			children = (
				4BC0D80F1F94FB8D00DB0BBF /* Ressources */,
				4BC0D7FD1F94FB8700DB0BBF /* AppDelegate.swift */,
				4BC0D7FF1F94FB8700DB0BBF /* ViewController.swift */,
				4BC0D8011F94FB8700DB0BBF /* Main.storyboard */,
				4BC0D8041F94FB8700DB0BBF /* Assets.xcassets */,
				4BC0D8061F94FB8700DB0BBF /* LaunchScreen.storyboard */,
				4BC0D8091F94FB8700DB0BBF /* Info.plist */,
			);
			path = "Les-amis-de-la-science";
			sourceTree = "<group>";
		};
		4BC0D80F1F94FB8D00DB0BBF /* Ressources */ = {
			isa = PBXGroup;
			children = (
				4BC0D8321F9506C100DB0BBF /* Classes */,
				4BC0D81C1F94FBBB00DB0BBF /* Albert Einstein.jpg */,
				4BC0D81A1F94FBBB00DB0BBF /* Albert Jacquard.jpg */,
				4BC0D81D1F94FBBB00DB0BBF /* amisDelaScience.plist */,
				4BC0D8171F94FBBB00DB0BBF /* Blaise Pascal.jpg */,
				4BC0D8101F94FBBB00DB0BBF /* Braun.jpg */,
				4BC0D81F1F94FBBC00DB0BBF /* Christian Huygens.jpg */,
				4BC0D8151F94FBBB00DB0BBF /* Daniel Fahrenheit.jpg */,
				4BC0D81B1F94FBBB00DB0BBF /* Dennis Ritchie.jpg */,
				4BC0D8201F94FBBC00DB0BBF /* Galilée.jpg */,
				4BC0D8191F94FBBB00DB0BBF /* Henri Becquerel.jpg */,
				4BC0D8111F94FBBB00DB0BBF /* Hertz.jpg */,
				4BC0D81E1F94FBBC00DB0BBF /* Jean Perrin.jpg */,
				4BC0D8161F94FBBB00DB0BBF /* Karl Guthe Jansky.jpg */,
				4BC0D8121F94FBBB00DB0BBF /* Marie Curie.jpg */,
				4BC0D8181F94FBBB00DB0BBF /* maxwell.jpg */,
				4BC0D8131F94FBBB00DB0BBF /* Steve Jobs.jpg */,
				4BC0D8141F94FBBB00DB0BBF /* Wilhelm Conrad Rontgen.jpg */,
			);
			path = Ressources;
			sourceTree = "<group>";
		};
		4BC0D8321F9506C100DB0BBF /* Classes */ = {
			isa = PBXGroup;
			children = (
				4BC0D8331F95070C00DB0BBF /* Savant.swift */,
			);
			path = Classes;
			sourceTree = "<group>";
		};
/* End PBXGroup section */

/* Begin PBXNativeTarget section */
		4BC0D7F91F94FB8700DB0BBF /* Les-amis-de-la-science */ = {
			isa = PBXNativeTarget;
			buildConfigurationList = 4BC0D80C1F94FB8700DB0BBF /* Build configuration list for PBXNativeTarget "Les-amis-de-la-science" */;
			buildPhases = (
				4BC0D7F61F94FB8700DB0BBF /* Sources */,
				4BC0D7F71F94FB8700DB0BBF /* Frameworks */,
				4BC0D7F81F94FB8700DB0BBF /* Resources */,
			);
			buildRules = (
			);
			dependencies = (
			);
			name = "Les-amis-de-la-science";
			productName = "Les-amis-de-la-science";
			productReference = 4BC0D7FA1F94FB8700DB0BBF /* Les-amis-de-la-science.app */;
			productType = "com.apple.product-type.application";
		};
/* End PBXNativeTarget section */

/* Begin PBXProject section */
		4BC0D7F21F94FB8700DB0BBF /* Project object */ = {
			isa = PBXProject;
			attributes = {
				LastSwiftUpdateCheck = 0900;
				LastUpgradeCheck = 0900;
				ORGANIZATIONNAME = git;
				TargetAttributes = {
					4BC0D7F91F94FB8700DB0BBF = {
						CreatedOnToolsVersion = 9.0;
						ProvisioningStyle = Automatic;
					};
				};
			};
			buildConfigurationList = 4BC0D7F51F94FB8700DB0BBF /* Build configuration list for PBXProject "Les-amis-de-la-science" */;
			compatibilityVersion = "Xcode 8.0";
			developmentRegion = en;
			hasScannedForEncodings = 0;
			knownRegions = (
				en,
				Base,
			);
			mainGroup = 4BC0D7F11F94FB8700DB0BBF;
			productRefGroup = 4BC0D7FB1F94FB8700DB0BBF /* Products */;
			projectDirPath = "";
			projectRoot = "";
			targets = (
				4BC0D7F91F94FB8700DB0BBF /* Les-amis-de-la-science */,
			);
		};
/* End PBXProject section */

/* Begin PBXResourcesBuildPhase section */
		4BC0D7F81F94FB8700DB0BBF /* Resources */ = {
			isa = PBXResourcesBuildPhase;
			buildActionMask = 2147483647;
			files = (
				4BC0D82E1F94FBC100DB0BBF /* Marie Curie.jpg in Resources */,
				4BC0D8301F94FBC100DB0BBF /* Steve Jobs.jpg in Resources */,
				4BC0D8251F94FBC100DB0BBF /* Braun.jpg in Resources */,
				4BC0D82B1F94FBC100DB0BBF /* Hertz.jpg in Resources */,
				4BC0D8081F94FB8700DB0BBF /* LaunchScreen.storyboard in Resources */,
				4BC0D8261F94FBC100DB0BBF /* Christian Huygens.jpg in Resources */,
				4BC0D8281F94FBC100DB0BBF /* Dennis Ritchie.jpg in Resources */,
				4BC0D8221F94FBC100DB0BBF /* Albert Jacquard.jpg in Resources */,
				4BC0D8051F94FB8700DB0BBF /* Assets.xcassets in Resources */,
				4BC0D8271F94FBC100DB0BBF /* Daniel Fahrenheit.jpg in Resources */,
				4BC0D8231F94FBC100DB0BBF /* amisDelaScience.plist in Resources */,
				4BC0D8311F94FBC100DB0BBF /* Wilhelm Conrad Rontgen.jpg in Resources */,
				4BC0D82A1F94FBC100DB0BBF /* Henri Becquerel.jpg in Resources */,
				4BC0D8031F94FB8700DB0BBF /* Main.storyboard in Resources */,
				4BC0D82D1F94FBC100DB0BBF /* Karl Guthe Jansky.jpg in Resources */,
				4BC0D8241F94FBC100DB0BBF /* Blaise Pascal.jpg in Resources */,
				4BC0D82F1F94FBC100DB0BBF /* maxwell.jpg in Resources */,
				4BC0D82C1F94FBC100DB0BBF /* Jean Perrin.jpg in Resources */,
				4BC0D8211F94FBC100DB0BBF /* Albert Einstein.jpg in Resources */,
				4BC0D8291F94FBC100DB0BBF /* Galilée.jpg in Resources */,
			);
			runOnlyForDeploymentPostprocessing = 0;
		};
/* End PBXResourcesBuildPhase section */

/* Begin PBXSourcesBuildPhase section */
		4BC0D7F61F94FB8700DB0BBF /* Sources */ = {
			isa = PBXSourcesBuildPhase;
			buildActionMask = 2147483647;
			files = (
				4BC0D8001F94FB8700DB0BBF /* ViewController.swift in Sources */,
				4BC0D7FE1F94FB8700DB0BBF /* AppDelegate.swift in Sources */,
				4BC0D8341F95070C00DB0BBF /* Savant.swift in Sources */,
			);
			runOnlyForDeploymentPostprocessing = 0;
		};
/* End PBXSourcesBuildPhase section */

/* Begin PBXVariantGroup section */
		4BC0D8011F94FB8700DB0BBF /* Main.storyboard */ = {
			isa = PBXVariantGroup;
			children = (
				4BC0D8021F94FB8700DB0BBF /* Base */,
			);
			name = Main.storyboard;
			sourceTree = "<group>";
		};
		4BC0D8061F94FB8700DB0BBF /* LaunchScreen.storyboard */ = {
			isa = PBXVariantGroup;
			children = (
				4BC0D8071F94FB8700DB0BBF /* Base */,
			);
			name = LaunchScreen.storyboard;
			sourceTree = "<group>";
		};
/* End PBXVariantGroup section */

/* Begin XCBuildConfiguration section */
		4BC0D80A1F94FB8700DB0BBF /* Debug */ = {
			isa = XCBuildConfiguration;
			buildSettings = {
				ALWAYS_SEARCH_USER_PATHS = NO;
				CLANG_ANALYZER_NONNULL = YES;
				CLANG_ANALYZER_NUMBER_OBJECT_CONVERSION = YES_AGGRESSIVE;
				CLANG_CXX_LANGUAGE_STANDARD = "gnu++14";
				CLANG_CXX_LIBRARY = "libc++";
				CLANG_ENABLE_MODULES = YES;
				CLANG_ENABLE_OBJC_ARC = YES;
				CLANG_WARN_BLOCK_CAPTURE_AUTORELEASING = YES;
				CLANG_WARN_BOOL_CONVERSION = YES;
				CLANG_WARN_COMMA = YES;
				CLANG_WARN_CONSTANT_CONVERSION = YES;
				CLANG_WARN_DIRECT_OBJC_ISA_USAGE = YES_ERROR;
				CLANG_WARN_DOCUMENTATION_COMMENTS = YES;
				CLANG_WARN_EMPTY_BODY = YES;
				CLANG_WARN_ENUM_CONVERSION = YES;
				CLANG_WARN_INFINITE_RECURSION = YES;
				CLANG_WARN_INT_CONVERSION = YES;
				CLANG_WARN_NON_LITERAL_NULL_CONVERSION = YES;
				CLANG_WARN_OBJC_LITERAL_CONVERSION = YES;
				CLANG_WARN_OBJC_ROOT_CLASS = YES_ERROR;
				CLANG_WARN_RANGE_LOOP_ANALYSIS = YES;
				CLANG_WARN_STRICT_PROTOTYPES = YES;
				CLANG_WARN_SUSPICIOUS_MOVE = YES;
				CLANG_WARN_UNGUARDED_AVAILABILITY = YES_AGGRESSIVE;
				CLANG_WARN_UNREACHABLE_CODE = YES;
				CLANG_WARN__DUPLICATE_METHOD_MATCH = YES;
				CODE_SIGN_IDENTITY = "iPhone Developer";
				COPY_PHASE_STRIP = NO;
				DEBUG_INFORMATION_FORMAT = dwarf;
				ENABLE_STRICT_OBJC_MSGSEND = YES;
				ENABLE_TESTABILITY = YES;
				GCC_C_LANGUAGE_STANDARD = gnu11;
				GCC_DYNAMIC_NO_PIC = NO;
				GCC_NO_COMMON_BLOCKS = YES;
				GCC_OPTIMIZATION_LEVEL = 0;
				GCC_PREPROCESSOR_DEFINITIONS = (
					"DEBUG=1",
					"$(inherited)",
				);
				GCC_WARN_64_TO_32_BIT_CONVERSION = YES;
				GCC_WARN_ABOUT_RETURN_TYPE = YES_ERROR;
				GCC_WARN_UNDECLARED_SELECTOR = YES;
				GCC_WARN_UNINITIALIZED_AUTOS = YES_AGGRESSIVE;
				GCC_WARN_UNUSED_FUNCTION = YES;
				GCC_WARN_UNUSED_VARIABLE = YES;
				IPHONEOS_DEPLOYMENT_TARGET = 11.0;
				MTL_ENABLE_DEBUG_INFO = YES;
				ONLY_ACTIVE_ARCH = YES;
				SDKROOT = iphoneos;
				SWIFT_ACTIVE_COMPILATION_CONDITIONS = DEBUG;
				SWIFT_OPTIMIZATION_LEVEL = "-Onone";
			};
			name = Debug;
		};
		4BC0D80B1F94FB8700DB0BBF /* Release */ = {
			isa = XCBuildConfiguration;
			buildSettings = {
				ALWAYS_SEARCH_USER_PATHS = NO;
				CLANG_ANALYZER_NONNULL = YES;
				CLANG_ANALYZER_NUMBER_OBJECT_CONVERSION = YES_AGGRESSIVE;
				CLANG_CXX_LANGUAGE_STANDARD = "gnu++14";
				CLANG_CXX_LIBRARY = "libc++";
				CLANG_ENABLE_MODULES = YES;
				CLANG_ENABLE_OBJC_ARC = YES;
				CLANG_WARN_BLOCK_CAPTURE_AUTORELEASING = YES;
				CLANG_WARN_BOOL_CONVERSION = YES;
				CLANG_WARN_COMMA = YES;
				CLANG_WARN_CONSTANT_CONVERSION = YES;
				CLANG_WARN_DIRECT_OBJC_ISA_USAGE = YES_ERROR;
				CLANG_WARN_DOCUMENTATION_COMMENTS = YES;
				CLANG_WARN_EMPTY_BODY = YES;
				CLANG_WARN_ENUM_CONVERSION = YES;
				CLANG_WARN_INFINITE_RECURSION = YES;
				CLANG_WARN_INT_CONVERSION = YES;
				CLANG_WARN_NON_LITERAL_NULL_CONVERSION = YES;
				CLANG_WARN_OBJC_LITERAL_CONVERSION = YES;
				CLANG_WARN_OBJC_ROOT_CLASS = YES_ERROR;
				CLANG_WARN_RANGE_LOOP_ANALYSIS = YES;
				CLANG_WARN_STRICT_PROTOTYPES = YES;
				CLANG_WARN_SUSPICIOUS_MOVE = YES;
				CLANG_WARN_UNGUARDED_AVAILABILITY = YES_AGGRESSIVE;
				CLANG_WARN_UNREACHABLE_CODE = YES;
				CLANG_WARN__DUPLICATE_METHOD_MATCH = YES;
				CODE_SIGN_IDENTITY = "iPhone Developer";
				COPY_PHASE_STRIP = NO;
				DEBUG_INFORMATION_FORMAT = "dwarf-with-dsym";
				ENABLE_NS_ASSERTIONS = NO;
				ENABLE_STRICT_OBJC_MSGSEND = YES;
				GCC_C_LANGUAGE_STANDARD = gnu11;
				GCC_NO_COMMON_BLOCKS = YES;
				GCC_WARN_64_TO_32_BIT_CONVERSION = YES;
				GCC_WARN_ABOUT_RETURN_TYPE = YES_ERROR;
				GCC_WARN_UNDECLARED_SELECTOR = YES;
				GCC_WARN_UNINITIALIZED_AUTOS = YES_AGGRESSIVE;
				GCC_WARN_UNUSED_FUNCTION = YES;
				GCC_WARN_UNUSED_VARIABLE = YES;
				IPHONEOS_DEPLOYMENT_TARGET = 11.0;
				MTL_ENABLE_DEBUG_INFO = NO;
				SDKROOT = iphoneos;
				SWIFT_OPTIMIZATION_LEVEL = "-Owholemodule";
				VALIDATE_PRODUCT = YES;
			};
			name = Release;
		};
		4BC0D80D1F94FB8700DB0BBF /* Debug */ = {
			isa = XCBuildConfiguration;
			buildSettings = {
				ASSETCATALOG_COMPILER_APPICON_NAME = AppIcon;
				CODE_SIGN_STYLE = Automatic;
				INFOPLIST_FILE = "Les-amis-de-la-science/Info.plist";
				LD_RUNPATH_SEARCH_PATHS = "$(inherited) @executable_path/Frameworks";
				PRODUCT_BUNDLE_IDENTIFIER = "ca.qc.cstj.Les-amis-de-la-science";
				PRODUCT_NAME = "$(TARGET_NAME)";
				SWIFT_VERSION = 4.0;
				TARGETED_DEVICE_FAMILY = "1,2";
			};
			name = Debug;
		};
		4BC0D80E1F94FB8700DB0BBF /* Release */ = {
			isa = XCBuildConfiguration;
			buildSettings = {
				ASSETCATALOG_COMPILER_APPICON_NAME = AppIcon;
				CODE_SIGN_STYLE = Automatic;
				INFOPLIST_FILE = "Les-amis-de-la-science/Info.plist";
				LD_RUNPATH_SEARCH_PATHS = "$(inherited) @executable_path/Frameworks";
				PRODUCT_BUNDLE_IDENTIFIER = "ca.qc.cstj.Les-amis-de-la-science";
				PRODUCT_NAME = "$(TARGET_NAME)";
				SWIFT_VERSION = 4.0;
				TARGETED_DEVICE_FAMILY = "1,2";
			};
			name = Release;
		};
/* End XCBuildConfiguration section */

/* Begin XCConfigurationList section */
		4BC0D7F51F94FB8700DB0BBF /* Build configuration list for PBXProject "Les-amis-de-la-science" */ = {
			isa = XCConfigurationList;
			buildConfigurations = (
				4BC0D80A1F94FB8700DB0BBF /* Debug */,
				4BC0D80B1F94FB8700DB0BBF /* Release */,
			);
			defaultConfigurationIsVisible = 0;
			defaultConfigurationName = Release;
		};
		4BC0D80C1F94FB8700DB0BBF /* Build configuration list for PBXNativeTarget "Les-amis-de-la-science" */ = {
			isa = XCConfigurationList;
			buildConfigurations = (
				4BC0D80D1F94FB8700DB0BBF /* Debug */,
				4BC0D80E1F94FB8700DB0BBF /* Release */,
			);
			defaultConfigurationIsVisible = 0;
			defaultConfigurationName = Release;
		};
/* End XCConfigurationList section */
	};
	rootObject = 4BC0D7F21F94FB8700DB0BBF /* Project object */;
}
